
Microsoft Visual Studio Solution File, Format Version 12.00
# Visual Studio 14
VisualStudioVersion = 14.0.22512.0
MinimumVisualStudioVersion = 10.0.40219.1
Project("{8BB2217D-0F2D-49D1-97BC-3654ED321F3B}") = "Blacklite.Framework.Features", "src\Blacklite.Framework.Features\Blacklite.Framework.Features.kproj", "{737E6549-DF7C-406B-AAF1-3A7BF1915CD2}"
EndProject
Project("{2150E333-8FDC-42A3-9474-1A3956D46DE8}") = ".config", ".config", "{5F4624DC-C980-4B14-BCC4-A566A39A85AE}"
	ProjectSection(SolutionItems) = preProject
		.editorconfig = .editorconfig
		.gitattributes = .gitattributes
		.gitignore = .gitignore
		appveyor.yml = appveyor.yml
		global.json = global.json
		NuGet.config = NuGet.config
	EndProjectSection
	ProjectSection(FolderGlobals) = preProject
		blacklite_2Features_2global_1json__JSONSchema = http://json.schemastore.org/global
	EndProjectSection
EndProject
Project("{2150E333-8FDC-42A3-9474-1A3956D46DE8}") = ".build", ".build", "{9CAA5CE3-0CF8-4806-BDBE-47DA0538E51D}"
	ProjectSection(SolutionItems) = preProject
		build.cmd = build.cmd
		build.sh = build.sh
	EndProjectSection
EndProject
Project("{2150E333-8FDC-42A3-9474-1A3956D46DE8}") = "build", "build", "{1D661718-8EF8-41BF-8C3A-4A34D0E839B0}"
	ProjectSection(SolutionItems) = preProject
		makefile.shade = makefile.shade
	EndProjectSection
EndProject
Project("{2150E333-8FDC-42A3-9474-1A3956D46DE8}") = "src", "src", "{DA14626D-5B88-46ED-937C-4405E5CBD44C}"
EndProject
Project("{2150E333-8FDC-42A3-9474-1A3956D46DE8}") = "tests", "tests", "{7FC6126C-D58C-4F31-BCCC-BAF0F0B8A5E3}"
EndProject
Project("{8BB2217D-0F2D-49D1-97BC-3654ED321F3B}") = "Blacklite.Framework.Licenses", "src\Blacklite.Framework.Licenses\Blacklite.Framework.Licenses.kproj", "{C8B06885-4F6F-45F3-8715-25FDE4B5777C}"
EndProject
Project("{8BB2217D-0F2D-49D1-97BC-3654ED321F3B}") = "Features.Tests", "tests\Features.Tests\Features.Tests.kproj", "{7B0E6495-8693-47BC-9D80-979072BF1DA1}"
EndProject
Project("{8BB2217D-0F2D-49D1-97BC-3654ED321F3B}") = "Licenses.Tests", "tests\Licenses.Tests\Licenses.Tests.kproj", "{3C88EDB1-C2AA-4EF5-9487-6AEB6824B9E2}"
EndProject
Project("{8BB2217D-0F2D-49D1-97BC-3654ED321F3B}") = "Blacklite.Framework.Shared", "..\Common\src\Blacklite.Framework.Shared\Blacklite.Framework.Shared.kproj", "{7D364B90-7F31-4B54-B00D-2B5518610917}"
EndProject
Project("{8BB2217D-0F2D-49D1-97BC-3654ED321F3B}") = "Blacklite.Framework.Interfaces", "..\Common\src\Blacklite.Framework.Interfaces\Blacklite.Framework.Interfaces.kproj", "{B31A377D-1905-4438-A02B-CD4EEAD8DCC7}"
EndProject
Project("{8BB2217D-0F2D-49D1-97BC-3654ED321F3B}") = "Blacklite.Framework.Shared.Reflection", "..\Common\src\Blacklite.Framework.Shared.Reflection\Blacklite.Framework.Shared.Reflection.kproj", "{54B81C20-E88D-48E6-A74B-D30AE280056F}"
EndProject
Global
	GlobalSection(SolutionConfigurationPlatforms) = preSolution
		Debug|Any CPU = Debug|Any CPU
		Release|Any CPU = Release|Any CPU
	EndGlobalSection
	GlobalSection(ProjectConfigurationPlatforms) = postSolution
		{737E6549-DF7C-406B-AAF1-3A7BF1915CD2}.Debug|Any CPU.ActiveCfg = Debug|Any CPU
		{737E6549-DF7C-406B-AAF1-3A7BF1915CD2}.Debug|Any CPU.Build.0 = Debug|Any CPU
		{737E6549-DF7C-406B-AAF1-3A7BF1915CD2}.Release|Any CPU.ActiveCfg = Release|Any CPU
		{737E6549-DF7C-406B-AAF1-3A7BF1915CD2}.Release|Any CPU.Build.0 = Release|Any CPU
		{C8B06885-4F6F-45F3-8715-25FDE4B5777C}.Debug|Any CPU.ActiveCfg = Debug|Any CPU
		{C8B06885-4F6F-45F3-8715-25FDE4B5777C}.Debug|Any CPU.Build.0 = Debug|Any CPU
		{C8B06885-4F6F-45F3-8715-25FDE4B5777C}.Release|Any CPU.ActiveCfg = Release|Any CPU
		{C8B06885-4F6F-45F3-8715-25FDE4B5777C}.Release|Any CPU.Build.0 = Release|Any CPU
		{7B0E6495-8693-47BC-9D80-979072BF1DA1}.Debug|Any CPU.ActiveCfg = Debug|Any CPU
		{7B0E6495-8693-47BC-9D80-979072BF1DA1}.Debug|Any CPU.Build.0 = Debug|Any CPU
		{7B0E6495-8693-47BC-9D80-979072BF1DA1}.Release|Any CPU.ActiveCfg = Release|Any CPU
		{7B0E6495-8693-47BC-9D80-979072BF1DA1}.Release|Any CPU.Build.0 = Release|Any CPU
		{3C88EDB1-C2AA-4EF5-9487-6AEB6824B9E2}.Debug|Any CPU.ActiveCfg = Debug|Any CPU
		{3C88EDB1-C2AA-4EF5-9487-6AEB6824B9E2}.Debug|Any CPU.Build.0 = Debug|Any CPU
		{3C88EDB1-C2AA-4EF5-9487-6AEB6824B9E2}.Release|Any CPU.ActiveCfg = Release|Any CPU
		{3C88EDB1-C2AA-4EF5-9487-6AEB6824B9E2}.Release|Any CPU.Build.0 = Release|Any CPU
		{7D364B90-7F31-4B54-B00D-2B5518610917}.Debug|Any CPU.ActiveCfg = Debug|Any CPU
		{7D364B90-7F31-4B54-B00D-2B5518610917}.Debug|Any CPU.Build.0 = Debug|Any CPU
		{7D364B90-7F31-4B54-B00D-2B5518610917}.Release|Any CPU.ActiveCfg = Release|Any CPU
		{7D364B90-7F31-4B54-B00D-2B5518610917}.Release|Any CPU.Build.0 = Release|Any CPU
		{B31A377D-1905-4438-A02B-CD4EEAD8DCC7}.Debug|Any CPU.ActiveCfg = Debug|Any CPU
		{B31A377D-1905-4438-A02B-CD4EEAD8DCC7}.Debug|Any CPU.Build.0 = Debug|Any CPU
		{B31A377D-1905-4438-A02B-CD4EEAD8DCC7}.Release|Any CPU.ActiveCfg = Release|Any CPU
		{B31A377D-1905-4438-A02B-CD4EEAD8DCC7}.Release|Any CPU.Build.0 = Release|Any CPU
		{54B81C20-E88D-48E6-A74B-D30AE280056F}.Debug|Any CPU.ActiveCfg = Debug|Any CPU
		{54B81C20-E88D-48E6-A74B-D30AE280056F}.Debug|Any CPU.Build.0 = Debug|Any CPU
		{54B81C20-E88D-48E6-A74B-D30AE280056F}.Release|Any CPU.ActiveCfg = Release|Any CPU
		{54B81C20-E88D-48E6-A74B-D30AE280056F}.Release|Any CPU.Build.0 = Release|Any CPU
	EndGlobalSection
	GlobalSection(SolutionProperties) = preSolution
		HideSolutionNode = FALSE
	EndGlobalSection
	GlobalSection(NestedProjects) = preSolution
		{737E6549-DF7C-406B-AAF1-3A7BF1915CD2} = {DA14626D-5B88-46ED-937C-4405E5CBD44C}
		{C8B06885-4F6F-45F3-8715-25FDE4B5777C} = {DA14626D-5B88-46ED-937C-4405E5CBD44C}
		{7B0E6495-8693-47BC-9D80-979072BF1DA1} = {7FC6126C-D58C-4F31-BCCC-BAF0F0B8A5E3}
		{3C88EDB1-C2AA-4EF5-9487-6AEB6824B9E2} = {7FC6126C-D58C-4F31-BCCC-BAF0F0B8A5E3}
	EndGlobalSection
EndGlobal
